
Microsoft Visual Studio Solution File, Format Version 12.00
# Visual Studio Version 16
VisualStudioVersion = 16.0.28803.202
MinimumVisualStudioVersion = 10.0.40219.1
Project("{FAE04EC0-301F-11D3-BF4B-00C04F79EFBC}") = "SGraph.Core", "src\SGraph.Core\SGraph.Core.csproj", "{CC70BA22-8E56-4EB3-A6B0-2C892D4C6160}"
EndProject
Global
	GlobalSection(SolutionConfigurationPlatforms) = preSolution
		Debug|Any CPU = Debug|Any CPU
		Release|Any CPU = Release|Any CPU
	EndGlobalSection
	GlobalSection(ProjectConfigurationPlatforms) = postSolution
		{CC70BA22-8E56-4EB3-A6B0-2C892D4C6160}.Debug|Any CPU.ActiveCfg = Debug|Any CPU
		{CC70BA22-8E56-4EB3-A6B0-2C892D4C6160}.Debug|Any CPU.Build.0 = Debug|Any CPU
		{CC70BA22-8E56-4EB3-A6B0-2C892D4C6160}.Release|Any CPU.ActiveCfg = Release|Any CPU
		{CC70BA22-8E56-4EB3-A6B0-2C892D4C6160}.Release|Any CPU.Build.0 = Release|Any CPU
	EndGlobalSection
	GlobalSection(SolutionProperties) = preSolution
		HideSolutionNode = FALSE
	EndGlobalSection
	GlobalSection(ExtensibilityGlobals) = postSolution
		SolutionGuid = {CF3F5ECC-48F8-4A1C-B258-6472A9C7B998}
	EndGlobalSection
EndGlobal
